
Microsoft Visual Studio Solution File, Format Version 12.00
# Visual Studio Version 17
VisualStudioVersion = 17.8.34511.84
MinimumVisualStudioVersion = 10.0.40219.1
Project("{9A19103F-16F7-4668-BE54-9A1E7A4F7556}") = "PMM.Core", "PMM.Core.csproj", "{31AC1851-8859-4318-8683-2EA3E2595EE4}"
EndProject
Global
	GlobalSection(SolutionConfigurationPlatforms) = preSolution
		Debug|Any CPU = Debug|Any CPU
		Release|Any CPU = Release|Any CPU
	EndGlobalSection
	GlobalSection(ProjectConfigurationPlatforms) = postSolution
		{31AC1851-8859-4318-8683-2EA3E2595EE4}.Debug|Any CPU.ActiveCfg = Debug|Any CPU
		{31AC1851-8859-4318-8683-2EA3E2595EE4}.Debug|Any CPU.Build.0 = Debug|Any CPU
		{31AC1851-8859-4318-8683-2EA3E2595EE4}.Release|Any CPU.ActiveCfg = Release|Any CPU
		{31AC1851-8859-4318-8683-2EA3E2595EE4}.Release|Any CPU.Build.0 = Release|Any CPU
	EndGlobalSection
	GlobalSection(SolutionProperties) = preSolution
		HideSolutionNode = FALSE
	EndGlobalSection
	GlobalSection(ExtensibilityGlobals) = postSolution
		SolutionGuid = {A44B43D0-3E93-4F03-BADA-74A7142517F6}
	EndGlobalSection
EndGlobal
